// !$*UTF8*$!
{
	archiveVersion = 1;
	classes = {
	};
	objectVersion = 56;
	objects = {

/* Begin PBXBuildFile section */
		A1145BF22D0C1999005DED95 /* MenuTableViewCell.swift in Sources */ = {isa = PBXBuildFile; fileRef = A1145BF02D0C1999005DED95 /* MenuTableViewCell.swift */; };
		A1145BF32D0C1999005DED95 /* MenuTableViewCell.xib in Resources */ = {isa = PBXBuildFile; fileRef = A1145BF12D0C1999005DED95 /* MenuTableViewCell.xib */; };
		A1145BF52D0C2E9E005DED95 /* DetailBrandViewModel.swift in Sources */ = {isa = PBXBuildFile; fileRef = A1145BF42D0C2E9E005DED95 /* DetailBrandViewModel.swift */; };
		A1145BF72D0C2FC8005DED95 /* brandDetail.json in Resources */ = {isa = PBXBuildFile; fileRef = A1145BF62D0C2FC8005DED95 /* brandDetail.json */; };
		A1145BF92D0C2FE6005DED95 /* menu.json in Resources */ = {isa = PBXBuildFile; fileRef = A1145BF82D0C2FE6005DED95 /* menu.json */; };
		A1145BFB2D0C2FF7005DED95 /* popularItems.json in Resources */ = {isa = PBXBuildFile; fileRef = A1145BFA2D0C2FF7005DED95 /* popularItems.json */; };
		A1145BFE2D101A6B005DED95 /* ReviewTableViewCell.swift in Sources */ = {isa = PBXBuildFile; fileRef = A1145BFC2D101A6B005DED95 /* ReviewTableViewCell.swift */; };
		A1145BFF2D101A6B005DED95 /* ReviewTableViewCell.xib in Resources */ = {isa = PBXBuildFile; fileRef = A1145BFD2D101A6B005DED95 /* ReviewTableViewCell.xib */; };
		A11FEE912CFF64720039400C /* CategoryCollectionViewCell.swift in Sources */ = {isa = PBXBuildFile; fileRef = A11FEE8F2CFF64720039400C /* CategoryCollectionViewCell.swift */; };
		A11FEE922CFF64720039400C /* CategoryCollectionViewCell.xib in Resources */ = {isa = PBXBuildFile; fileRef = A11FEE902CFF64720039400C /* CategoryCollectionViewCell.xib */; };
		A137F9992CF38CC800A75DA3 /* AppDelegate.swift in Sources */ = {isa = PBXBuildFile; fileRef = A137F9982CF38CC800A75DA3 /* AppDelegate.swift */; };
		A137F9A22CF38CC900A75DA3 /* Assets.xcassets in Resources */ = {isa = PBXBuildFile; fileRef = A137F9A12CF38CC900A75DA3 /* Assets.xcassets */; };
		A137F9A52CF38CC900A75DA3 /* LaunchScreen.storyboard in Resources */ = {isa = PBXBuildFile; fileRef = A137F9A32CF38CC900A75DA3 /* LaunchScreen.storyboard */; };
		A137F9B92CF38E6800A75DA3 /* UISearchBar+Ext.swift in Sources */ = {isa = PBXBuildFile; fileRef = A137F9AF2CF38E6700A75DA3 /* UISearchBar+Ext.swift */; };
		A137F9BA2CF38E6800A75DA3 /* UIView+Ext.swift in Sources */ = {isa = PBXBuildFile; fileRef = A137F9B02CF38E6800A75DA3 /* UIView+Ext.swift */; };
		A137F9BB2CF38E6800A75DA3 /* UIFont+Ext.swift in Sources */ = {isa = PBXBuildFile; fileRef = A137F9B12CF38E6800A75DA3 /* UIFont+Ext.swift */; };
		A137F9BC2CF38E6800A75DA3 /* NavigationBar.swift in Sources */ = {isa = PBXBuildFile; fileRef = A137F9B22CF38E6800A75DA3 /* NavigationBar.swift */; };
		A137F9BD2CF38E6800A75DA3 /* UIColor+Ext.swift in Sources */ = {isa = PBXBuildFile; fileRef = A137F9B32CF38E6800A75DA3 /* UIColor+Ext.swift */; };
		A137F9BE2CF38E6800A75DA3 /* UIStackView+Ext.swift in Sources */ = {isa = PBXBuildFile; fileRef = A137F9B42CF38E6800A75DA3 /* UIStackView+Ext.swift */; };
		A137F9BF2CF38E6800A75DA3 /* UIImageView+Ext.swift in Sources */ = {isa = PBXBuildFile; fileRef = A137F9B52CF38E6800A75DA3 /* UIImageView+Ext.swift */; };
		A137F9C02CF38E6800A75DA3 /* Withable.swift in Sources */ = {isa = PBXBuildFile; fileRef = A137F9B62CF38E6800A75DA3 /* Withable.swift */; };
		A137F9C12CF38E6800A75DA3 /* UIButton+Ext.swift in Sources */ = {isa = PBXBuildFile; fileRef = A137F9B72CF38E6800A75DA3 /* UIButton+Ext.swift */; };
		A137F9C22CF38E6800A75DA3 /* String Ext.swift in Sources */ = {isa = PBXBuildFile; fileRef = A137F9B82CF38E6800A75DA3 /* String Ext.swift */; };
		A137F9D62CF396C000A75DA3 /* GetStartedViewController.swift in Sources */ = {isa = PBXBuildFile; fileRef = A137F9D42CF396C000A75DA3 /* GetStartedViewController.swift */; };
		A137F9D72CF396C000A75DA3 /* GetStartedViewController.xib in Resources */ = {isa = PBXBuildFile; fileRef = A137F9D52CF396C000A75DA3 /* GetStartedViewController.xib */; };
		A137F9DA2CF5929300A75DA3 /* CreatAccViewController.swift in Sources */ = {isa = PBXBuildFile; fileRef = A137F9D82CF5929300A75DA3 /* CreatAccViewController.swift */; };
		A137F9DB2CF5929300A75DA3 /* CreatAccViewController.xib in Resources */ = {isa = PBXBuildFile; fileRef = A137F9D92CF5929300A75DA3 /* CreatAccViewController.xib */; };
		A137F9DE2CF593A000A75DA3 /* LoginViewController.swift in Sources */ = {isa = PBXBuildFile; fileRef = A137F9DC2CF593A000A75DA3 /* LoginViewController.swift */; };
		A137F9DF2CF593A000A75DA3 /* LoginViewController.xib in Resources */ = {isa = PBXBuildFile; fileRef = A137F9DD2CF593A000A75DA3 /* LoginViewController.xib */; };
		A137F9E12CF59B1F00A75DA3 /* ExtUI.swift in Sources */ = {isa = PBXBuildFile; fileRef = A137F9E02CF59B1F00A75DA3 /* ExtUI.swift */; };
		A137F9E52CF5C09300A75DA3 /* CreattAccViewModel.swift in Sources */ = {isa = PBXBuildFile; fileRef = A137F9E42CF5C09300A75DA3 /* CreattAccViewModel.swift */; };
		A137F9E72CF5C32E00A75DA3 /* creatAcc.json in Resources */ = {isa = PBXBuildFile; fileRef = A137F9E62CF5C32E00A75DA3 /* creatAcc.json */; };
		A137F9E92CF5C38100A75DA3 /* APITarget.swift in Sources */ = {isa = PBXBuildFile; fileRef = A137F9E82CF5C38100A75DA3 /* APITarget.swift */; };
		A137F9EB2CF6E84000A75DA3 /* LoginViewModel.swift in Sources */ = {isa = PBXBuildFile; fileRef = A137F9EA2CF6E84000A75DA3 /* LoginViewModel.swift */; };
		A137F9ED2CF6F6A200A75DA3 /* login.json in Resources */ = {isa = PBXBuildFile; fileRef = A137F9EC2CF6F6A200A75DA3 /* login.json */; };
		A137F9EF2CF781BB00A75DA3 /* ErrorTracker.swift in Sources */ = {isa = PBXBuildFile; fileRef = A137F9EE2CF781BB00A75DA3 /* ErrorTracker.swift */; };
		A13FACEA2CFF6A9F00AC23FA /* HomeViewModel.swift in Sources */ = {isa = PBXBuildFile; fileRef = A13FACE92CFF6A9F00AC23FA /* HomeViewModel.swift */; };
		A13FACEC2CFF6BB700AC23FA /* category.json in Resources */ = {isa = PBXBuildFile; fileRef = A13FACEB2CFF6BB700AC23FA /* category.json */; };
		A13FACF32CFF7B8800AC23FA /* BestPartnerCollectionViewCell.swift in Sources */ = {isa = PBXBuildFile; fileRef = A13FACF12CFF7B8800AC23FA /* BestPartnerCollectionViewCell.swift */; };
		A13FACF42CFF7B8800AC23FA /* BestPartnerCollectionViewCell.xib in Resources */ = {isa = PBXBuildFile; fileRef = A13FACF22CFF7B8800AC23FA /* BestPartnerCollectionViewCell.xib */; };
		A14186CF2D00CEA80023A6E5 /* BestPartnersAllViewController.swift in Sources */ = {isa = PBXBuildFile; fileRef = A14186CD2D00CEA80023A6E5 /* BestPartnersAllViewController.swift */; };
		A14186D02D00CEA80023A6E5 /* BestPartnersAllViewController.xib in Resources */ = {isa = PBXBuildFile; fileRef = A14186CE2D00CEA80023A6E5 /* BestPartnersAllViewController.xib */; };
		A14186D22D00D06B0023A6E5 /* BestPartnerAllViewModel.swift in Sources */ = {isa = PBXBuildFile; fileRef = A14186D12D00D06B0023A6E5 /* BestPartnerAllViewModel.swift */; };
		A14186D42D0211610023A6E5 /* seeAllPartner.json in Resources */ = {isa = PBXBuildFile; fileRef = A14186D32D0211610023A6E5 /* seeAllPartner.json */; };
		A14186D72D0601F40023A6E5 /* FilterViewController.swift in Sources */ = {isa = PBXBuildFile; fileRef = A14186D52D0601F40023A6E5 /* FilterViewController.swift */; };
		A14186D82D0601F40023A6E5 /* FilterViewController.xib in Resources */ = {isa = PBXBuildFile; fileRef = A14186D62D0601F40023A6E5 /* FilterViewController.xib */; };
		A14599782CF840500013D990 /* TabBarController.swift in Sources */ = {isa = PBXBuildFile; fileRef = A14599762CF840500013D990 /* TabBarController.swift */; };
		A145997F2CFEC3990013D990 /* HomeViewController.swift in Sources */ = {isa = PBXBuildFile; fileRef = A145997D2CFEC3990013D990 /* HomeViewController.swift */; };
		A14599802CFEC3990013D990 /* HomeViewController.xib in Resources */ = {isa = PBXBuildFile; fileRef = A145997E2CFEC3990013D990 /* HomeViewController.xib */; };
		A19455702D06D635008721E9 /* FilterViewModel.swift in Sources */ = {isa = PBXBuildFile; fileRef = A194556F2D06D635008721E9 /* FilterViewModel.swift */; };
		A19455732D06E599008721E9 /* sortbyTableViewCell.swift in Sources */ = {isa = PBXBuildFile; fileRef = A19455712D06E599008721E9 /* sortbyTableViewCell.swift */; };
		A19455742D06E599008721E9 /* sortbyTableViewCell.xib in Resources */ = {isa = PBXBuildFile; fileRef = A19455722D06E599008721E9 /* sortbyTableViewCell.xib */; };
		A19455772D06EE11008721E9 /* SearchTableViewCell.swift in Sources */ = {isa = PBXBuildFile; fileRef = A19455752D06EE11008721E9 /* SearchTableViewCell.swift */; };
		A19455782D06EE11008721E9 /* SearchTableViewCell.xib in Resources */ = {isa = PBXBuildFile; fileRef = A19455762D06EE11008721E9 /* SearchTableViewCell.xib */; };
		A194557B2D095C31008721E9 /* SearchResultViewController.swift in Sources */ = {isa = PBXBuildFile; fileRef = A19455792D095C31008721E9 /* SearchResultViewController.swift */; };
		A194557C2D095C31008721E9 /* SearchResultViewController.xib in Resources */ = {isa = PBXBuildFile; fileRef = A194557A2D095C31008721E9 /* SearchResultViewController.xib */; };
		A194557E2D097866008721E9 /* SearchResultViewModel.swift in Sources */ = {isa = PBXBuildFile; fileRef = A194557D2D097866008721E9 /* SearchResultViewModel.swift */; };
		A19455802D097E45008721E9 /* searchPartner.json in Resources */ = {isa = PBXBuildFile; fileRef = A194557F2D097E45008721E9 /* searchPartner.json */; };
		A19455832D099139008721E9 /* DetailBrandViewController.swift in Sources */ = {isa = PBXBuildFile; fileRef = A19455812D099139008721E9 /* DetailBrandViewController.swift */; };
		A19455842D099139008721E9 /* DetailBrandViewController.xib in Resources */ = {isa = PBXBuildFile; fileRef = A19455822D099139008721E9 /* DetailBrandViewController.xib */; };
		A19AB4B92D00186F00725665 /* bestPartners.json in Resources */ = {isa = PBXBuildFile; fileRef = A19AB4B82D00186F00725665 /* bestPartners.json */; };
		A19AB4BC2D003A4600725665 /* BestPartnersTableViewCell.swift in Sources */ = {isa = PBXBuildFile; fileRef = A19AB4BA2D003A4600725665 /* BestPartnersTableViewCell.swift */; };
		A19AB4BD2D003A4600725665 /* BestPartnersTableViewCell.xib in Resources */ = {isa = PBXBuildFile; fileRef = A19AB4BB2D003A4600725665 /* BestPartnersTableViewCell.xib */; };
		A19AB4BF2D004A6D00725665 /* nearby.json in Resources */ = {isa = PBXBuildFile; fileRef = A19AB4BE2D004A6D00725665 /* nearby.json */; };
		A19AB4C12D004A8600725665 /* sales.json in Resources */ = {isa = PBXBuildFile; fileRef = A19AB4C02D004A8600725665 /* sales.json */; };
		A19AB4C32D004A9200725665 /* rate.json in Resources */ = {isa = PBXBuildFile; fileRef = A19AB4C22D004A9200725665 /* rate.json */; };
		A19AB4C52D004A9D00725665 /* fast.json in Resources */ = {isa = PBXBuildFile; fileRef = A19AB4C42D004A9D00725665 /* fast.json */; };
		A19E16612D10889200E0B856 /* ImageReviewCollectionViewCell.swift in Sources */ = {isa = PBXBuildFile; fileRef = A19E165F2D10889200E0B856 /* ImageReviewCollectionViewCell.swift */; };
		A19E16622D10889200E0B856 /* ImageReviewCollectionViewCell.xib in Resources */ = {isa = PBXBuildFile; fileRef = A19E16602D10889200E0B856 /* ImageReviewCollectionViewCell.xib */; };
		A19E16652D114A0F00E0B856 /* PopularItemsTableViewCell.swift in Sources */ = {isa = PBXBuildFile; fileRef = A19E16632D114A0F00E0B856 /* PopularItemsTableViewCell.swift */; };
		A19E16662D114A0F00E0B856 /* PopularItemsTableViewCell.xib in Resources */ = {isa = PBXBuildFile; fileRef = A19E16642D114A0F00E0B856 /* PopularItemsTableViewCell.xib */; };
		A19E16692D114B2C00E0B856 /* PopularItemsCollectionViewCell.swift in Sources */ = {isa = PBXBuildFile; fileRef = A19E16672D114B2C00E0B856 /* PopularItemsCollectionViewCell.swift */; };
		A19E166A2D114B2C00E0B856 /* PopularItemsCollectionViewCell.xib in Resources */ = {isa = PBXBuildFile; fileRef = A19E16682D114B2C00E0B856 /* PopularItemsCollectionViewCell.xib */; };
		A19E166C2D114E4A00E0B856 /* reviewBrand.json in Resources */ = {isa = PBXBuildFile; fileRef = A19E166B2D114E4A00E0B856 /* reviewBrand.json */; };
		A19E16712D1558A200E0B856 /* AddToCartViewController.swift in Sources */ = {isa = PBXBuildFile; fileRef = A19E166F2D1558A200E0B856 /* AddToCartViewController.swift */; };
		A19E16722D1558A200E0B856 /* AddToCartViewController.xib in Resources */ = {isa = PBXBuildFile; fileRef = A19E16702D1558A200E0B856 /* AddToCartViewController.xib */; };
		A19E16742D15609800E0B856 /* AddToCartViewModel.swift in Sources */ = {isa = PBXBuildFile; fileRef = A19E16732D15609800E0B856 /* AddToCartViewModel.swift */; };
		A19E16762D1560EC00E0B856 /* dishInfor.json in Resources */ = {isa = PBXBuildFile; fileRef = A19E16752D1560EC00E0B856 /* dishInfor.json */; };
		A19E16792D15641600E0B856 /* dishImageCollectionViewCell.swift in Sources */ = {isa = PBXBuildFile; fileRef = A19E16772D15641600E0B856 /* dishImageCollectionViewCell.swift */; };
		A19E167A2D15641600E0B856 /* dishImageCollectionViewCell.xib in Resources */ = {isa = PBXBuildFile; fileRef = A19E16782D15641600E0B856 /* dishImageCollectionViewCell.xib */; };
		A19E16802D1BF07500E0B856 /* addToCart.json in Resources */ = {isa = PBXBuildFile; fileRef = A19E167F2D1BF07500E0B856 /* addToCart.json */; };
		A19E16842D1D35C900E0B856 /* ConfirmOrderViewController.swift in Sources */ = {isa = PBXBuildFile; fileRef = A19E16822D1D35C900E0B856 /* ConfirmOrderViewController.swift */; };
		A19E16852D1D35C900E0B856 /* ConfirmOrderViewController.xib in Resources */ = {isa = PBXBuildFile; fileRef = A19E16832D1D35C900E0B856 /* ConfirmOrderViewController.xib */; };
		A1DD79B82D1D4E4400C601B7 /* OrderTableViewCell.swift in Sources */ = {isa = PBXBuildFile; fileRef = A1DD79B62D1D4E4400C601B7 /* OrderTableViewCell.swift */; };
		A1DD79B92D1D4E4400C601B7 /* OrderTableViewCell.xib in Resources */ = {isa = PBXBuildFile; fileRef = A1DD79B72D1D4E4400C601B7 /* OrderTableViewCell.xib */; };
		A1DD79BB2D1D532A00C601B7 /* ConfirmOrderViewModel.swift in Sources */ = {isa = PBXBuildFile; fileRef = A1DD79BA2D1D532A00C601B7 /* ConfirmOrderViewModel.swift */; };
		A1DD79BF2D1D54A700C601B7 /* confirmOrder.json in Resources */ = {isa = PBXBuildFile; fileRef = A1DD79BE2D1D54A700C601B7 /* confirmOrder.json */; };
		A1DD79C22D1E759400C601B7 /* AddPaymentMethodViewController.swift in Sources */ = {isa = PBXBuildFile; fileRef = A1DD79C02D1E759400C601B7 /* AddPaymentMethodViewController.swift */; };
		A1DD79C32D1E759400C601B7 /* AddPaymentMethodViewController.xib in Resources */ = {isa = PBXBuildFile; fileRef = A1DD79C12D1E759400C601B7 /* AddPaymentMethodViewController.xib */; };
		A1DD79C52D1E8C9C00C601B7 /* AddPaymentMethodViewModel.swift in Sources */ = {isa = PBXBuildFile; fileRef = A1DD79C42D1E8C9C00C601B7 /* AddPaymentMethodViewModel.swift */; };
		A1DD79CA2D23052700C601B7 /* ResultOrderViewController.swift in Sources */ = {isa = PBXBuildFile; fileRef = A1DD79C82D23052700C601B7 /* ResultOrderViewController.swift */; };
		A1DD79CC2D23139100C601B7 /* DMSans-Light.ttf in Resources */ = {isa = PBXBuildFile; fileRef = A14599832CFEF5800013D990 /* DMSans-Light.ttf */; };
		A1DD79CD2D23139100C601B7 /* DMSans-Regular.ttf in Resources */ = {isa = PBXBuildFile; fileRef = A14599812CFEF5800013D990 /* DMSans-Regular.ttf */; };
		A1DD79CE2D23139100C601B7 /* DMSans-SemiBold.ttf in Resources */ = {isa = PBXBuildFile; fileRef = A14599822CFEF5800013D990 /* DMSans-SemiBold.ttf */; };
		A1DD79CF2D23139100C601B7 /* DMSans-Bold.ttf in Resources */ = {isa = PBXBuildFile; fileRef = A14599852CFEF5800013D990 /* DMSans-Bold.ttf */; };
		A1DD79D02D23139100C601B7 /* DMSans-Italic.ttf in Resources */ = {isa = PBXBuildFile; fileRef = A14599872CFEF5800013D990 /* DMSans-Italic.ttf */; };
		A1DD79D12D23139100C601B7 /* DMSans-Thin.ttf in Resources */ = {isa = PBXBuildFile; fileRef = A14599862CFEF5800013D990 /* DMSans-Thin.ttf */; };
		A1DD79D22D23139100C601B7 /* DMSans-Medium.ttf in Resources */ = {isa = PBXBuildFile; fileRef = A14599842CFEF5800013D990 /* DMSans-Medium.ttf */; };
		BCF0571C5F1AAA0468E96238 /* Pods_Bankezy.framework in Frameworks */ = {isa = PBXBuildFile; fileRef = 33EC0476FA2BA16CE09A8FF9 /* Pods_Bankezy.framework */; };
/* End PBXBuildFile section */

/* Begin PBXFileReference section */
		2332F9E6E205BB77DE6321B4 /* Pods-Bankezy.debug.xcconfig */ = {isa = PBXFileReference; includeInIndex = 1; lastKnownFileType = text.xcconfig; name = "Pods-Bankezy.debug.xcconfig"; path = "Target Support Files/Pods-Bankezy/Pods-Bankezy.debug.xcconfig"; sourceTree = "<group>"; };
		33EC0476FA2BA16CE09A8FF9 /* Pods_Bankezy.framework */ = {isa = PBXFileReference; explicitFileType = wrapper.framework; includeInIndex = 0; path = Pods_Bankezy.framework; sourceTree = BUILT_PRODUCTS_DIR; };
		3AE8F06D4D33BEDC9F87DBFD /* Pods-Bankezy.release.xcconfig */ = {isa = PBXFileReference; includeInIndex = 1; lastKnownFileType = text.xcconfig; name = "Pods-Bankezy.release.xcconfig"; path = "Target Support Files/Pods-Bankezy/Pods-Bankezy.release.xcconfig"; sourceTree = "<group>"; };
		A1145BF02D0C1999005DED95 /* MenuTableViewCell.swift */ = {isa = PBXFileReference; lastKnownFileType = sourcecode.swift; path = MenuTableViewCell.swift; sourceTree = "<group>"; };
		A1145BF12D0C1999005DED95 /* MenuTableViewCell.xib */ = {isa = PBXFileReference; lastKnownFileType = file.xib; path = MenuTableViewCell.xib; sourceTree = "<group>"; };
		A1145BF42D0C2E9E005DED95 /* DetailBrandViewModel.swift */ = {isa = PBXFileReference; lastKnownFileType = sourcecode.swift; path = DetailBrandViewModel.swift; sourceTree = "<group>"; };
		A1145BF62D0C2FC8005DED95 /* brandDetail.json */ = {isa = PBXFileReference; lastKnownFileType = text.json; path = brandDetail.json; sourceTree = "<group>"; };
		A1145BF82D0C2FE6005DED95 /* menu.json */ = {isa = PBXFileReference; lastKnownFileType = text.json; path = menu.json; sourceTree = "<group>"; };
		A1145BFA2D0C2FF7005DED95 /* popularItems.json */ = {isa = PBXFileReference; lastKnownFileType = text.json; path = popularItems.json; sourceTree = "<group>"; };
		A1145BFC2D101A6B005DED95 /* ReviewTableViewCell.swift */ = {isa = PBXFileReference; lastKnownFileType = sourcecode.swift; path = ReviewTableViewCell.swift; sourceTree = "<group>"; };
		A1145BFD2D101A6B005DED95 /* ReviewTableViewCell.xib */ = {isa = PBXFileReference; lastKnownFileType = file.xib; path = ReviewTableViewCell.xib; sourceTree = "<group>"; };
		A11FEE8F2CFF64720039400C /* CategoryCollectionViewCell.swift */ = {isa = PBXFileReference; lastKnownFileType = sourcecode.swift; path = CategoryCollectionViewCell.swift; sourceTree = "<group>"; };
		A11FEE902CFF64720039400C /* CategoryCollectionViewCell.xib */ = {isa = PBXFileReference; lastKnownFileType = file.xib; path = CategoryCollectionViewCell.xib; sourceTree = "<group>"; };
		A137F9952CF38CC800A75DA3 /* Bankezy.app */ = {isa = PBXFileReference; explicitFileType = wrapper.application; includeInIndex = 0; path = Bankezy.app; sourceTree = BUILT_PRODUCTS_DIR; };
		A137F9982CF38CC800A75DA3 /* AppDelegate.swift */ = {isa = PBXFileReference; lastKnownFileType = sourcecode.swift; path = AppDelegate.swift; sourceTree = "<group>"; };
		A137F9A12CF38CC900A75DA3 /* Assets.xcassets */ = {isa = PBXFileReference; lastKnownFileType = folder.assetcatalog; path = Assets.xcassets; sourceTree = "<group>"; };
		A137F9A42CF38CC900A75DA3 /* Base */ = {isa = PBXFileReference; lastKnownFileType = file.storyboard; name = Base; path = Base.lproj/LaunchScreen.storyboard; sourceTree = "<group>"; };
		A137F9A62CF38CC900A75DA3 /* Info.plist */ = {isa = PBXFileReference; lastKnownFileType = text.plist.xml; path = Info.plist; sourceTree = "<group>"; };
		A137F9AF2CF38E6700A75DA3 /* UISearchBar+Ext.swift */ = {isa = PBXFileReference; fileEncoding = 4; lastKnownFileType = sourcecode.swift; path = "UISearchBar+Ext.swift"; sourceTree = "<group>"; };
		A137F9B02CF38E6800A75DA3 /* UIView+Ext.swift */ = {isa = PBXFileReference; fileEncoding = 4; lastKnownFileType = sourcecode.swift; path = "UIView+Ext.swift"; sourceTree = "<group>"; };
		A137F9B12CF38E6800A75DA3 /* UIFont+Ext.swift */ = {isa = PBXFileReference; fileEncoding = 4; lastKnownFileType = sourcecode.swift; path = "UIFont+Ext.swift"; sourceTree = "<group>"; };
		A137F9B22CF38E6800A75DA3 /* NavigationBar.swift */ = {isa = PBXFileReference; fileEncoding = 4; lastKnownFileType = sourcecode.swift; path = NavigationBar.swift; sourceTree = "<group>"; };
		A137F9B32CF38E6800A75DA3 /* UIColor+Ext.swift */ = {isa = PBXFileReference; fileEncoding = 4; lastKnownFileType = sourcecode.swift; path = "UIColor+Ext.swift"; sourceTree = "<group>"; };
		A137F9B42CF38E6800A75DA3 /* UIStackView+Ext.swift */ = {isa = PBXFileReference; fileEncoding = 4; lastKnownFileType = sourcecode.swift; path = "UIStackView+Ext.swift"; sourceTree = "<group>"; };
		A137F9B52CF38E6800A75DA3 /* UIImageView+Ext.swift */ = {isa = PBXFileReference; fileEncoding = 4; lastKnownFileType = sourcecode.swift; path = "UIImageView+Ext.swift"; sourceTree = "<group>"; };
		A137F9B62CF38E6800A75DA3 /* Withable.swift */ = {isa = PBXFileReference; fileEncoding = 4; lastKnownFileType = sourcecode.swift; path = Withable.swift; sourceTree = "<group>"; };
		A137F9B72CF38E6800A75DA3 /* UIButton+Ext.swift */ = {isa = PBXFileReference; fileEncoding = 4; lastKnownFileType = sourcecode.swift; path = "UIButton+Ext.swift"; sourceTree = "<group>"; };
		A137F9B82CF38E6800A75DA3 /* String Ext.swift */ = {isa = PBXFileReference; fileEncoding = 4; lastKnownFileType = sourcecode.swift; path = "String Ext.swift"; sourceTree = "<group>"; };
		A137F9D42CF396C000A75DA3 /* GetStartedViewController.swift */ = {isa = PBXFileReference; lastKnownFileType = sourcecode.swift; path = GetStartedViewController.swift; sourceTree = "<group>"; };
		A137F9D52CF396C000A75DA3 /* GetStartedViewController.xib */ = {isa = PBXFileReference; lastKnownFileType = file.xib; path = GetStartedViewController.xib; sourceTree = "<group>"; };
		A137F9D82CF5929300A75DA3 /* CreatAccViewController.swift */ = {isa = PBXFileReference; lastKnownFileType = sourcecode.swift; path = CreatAccViewController.swift; sourceTree = "<group>"; };
		A137F9D92CF5929300A75DA3 /* CreatAccViewController.xib */ = {isa = PBXFileReference; lastKnownFileType = file.xib; path = CreatAccViewController.xib; sourceTree = "<group>"; };
		A137F9DC2CF593A000A75DA3 /* LoginViewController.swift */ = {isa = PBXFileReference; lastKnownFileType = sourcecode.swift; path = LoginViewController.swift; sourceTree = "<group>"; };
		A137F9DD2CF593A000A75DA3 /* LoginViewController.xib */ = {isa = PBXFileReference; lastKnownFileType = file.xib; path = LoginViewController.xib; sourceTree = "<group>"; };
		A137F9E02CF59B1F00A75DA3 /* ExtUI.swift */ = {isa = PBXFileReference; lastKnownFileType = sourcecode.swift; path = ExtUI.swift; sourceTree = "<group>"; };
		A137F9E42CF5C09300A75DA3 /* CreattAccViewModel.swift */ = {isa = PBXFileReference; lastKnownFileType = sourcecode.swift; path = CreattAccViewModel.swift; sourceTree = "<group>"; };
		A137F9E62CF5C32E00A75DA3 /* creatAcc.json */ = {isa = PBXFileReference; lastKnownFileType = text.json; path = creatAcc.json; sourceTree = "<group>"; };
		A137F9E82CF5C38100A75DA3 /* APITarget.swift */ = {isa = PBXFileReference; lastKnownFileType = sourcecode.swift; path = APITarget.swift; sourceTree = "<group>"; };
		A137F9EA2CF6E84000A75DA3 /* LoginViewModel.swift */ = {isa = PBXFileReference; lastKnownFileType = sourcecode.swift; path = LoginViewModel.swift; sourceTree = "<group>"; };
		A137F9EC2CF6F6A200A75DA3 /* login.json */ = {isa = PBXFileReference; lastKnownFileType = text.json; path = login.json; sourceTree = "<group>"; };
		A137F9EE2CF781BB00A75DA3 /* ErrorTracker.swift */ = {isa = PBXFileReference; lastKnownFileType = sourcecode.swift; path = ErrorTracker.swift; sourceTree = "<group>"; };
		A13FACE92CFF6A9F00AC23FA /* HomeViewModel.swift */ = {isa = PBXFileReference; lastKnownFileType = sourcecode.swift; path = HomeViewModel.swift; sourceTree = "<group>"; };
		A13FACEB2CFF6BB700AC23FA /* category.json */ = {isa = PBXFileReference; lastKnownFileType = text.json; path = category.json; sourceTree = "<group>"; };
		A13FACF12CFF7B8800AC23FA /* BestPartnerCollectionViewCell.swift */ = {isa = PBXFileReference; lastKnownFileType = sourcecode.swift; path = BestPartnerCollectionViewCell.swift; sourceTree = "<group>"; };
		A13FACF22CFF7B8800AC23FA /* BestPartnerCollectionViewCell.xib */ = {isa = PBXFileReference; lastKnownFileType = file.xib; path = BestPartnerCollectionViewCell.xib; sourceTree = "<group>"; };
		A14186CD2D00CEA80023A6E5 /* BestPartnersAllViewController.swift */ = {isa = PBXFileReference; lastKnownFileType = sourcecode.swift; path = BestPartnersAllViewController.swift; sourceTree = "<group>"; };
		A14186CE2D00CEA80023A6E5 /* BestPartnersAllViewController.xib */ = {isa = PBXFileReference; lastKnownFileType = file.xib; path = BestPartnersAllViewController.xib; sourceTree = "<group>"; };
		A14186D12D00D06B0023A6E5 /* BestPartnerAllViewModel.swift */ = {isa = PBXFileReference; lastKnownFileType = sourcecode.swift; path = BestPartnerAllViewModel.swift; sourceTree = "<group>"; };
		A14186D32D0211610023A6E5 /* seeAllPartner.json */ = {isa = PBXFileReference; lastKnownFileType = text.json; path = seeAllPartner.json; sourceTree = "<group>"; };
		A14186D52D0601F40023A6E5 /* FilterViewController.swift */ = {isa = PBXFileReference; lastKnownFileType = sourcecode.swift; path = FilterViewController.swift; sourceTree = "<group>"; };
		A14186D62D0601F40023A6E5 /* FilterViewController.xib */ = {isa = PBXFileReference; lastKnownFileType = file.xib; path = FilterViewController.xib; sourceTree = "<group>"; };
		A14599762CF840500013D990 /* TabBarController.swift */ = {isa = PBXFileReference; lastKnownFileType = sourcecode.swift; path = TabBarController.swift; sourceTree = "<group>"; };
		A145997D2CFEC3990013D990 /* HomeViewController.swift */ = {isa = PBXFileReference; lastKnownFileType = sourcecode.swift; path = HomeViewController.swift; sourceTree = "<group>"; };
		A145997E2CFEC3990013D990 /* HomeViewController.xib */ = {isa = PBXFileReference; lastKnownFileType = file.xib; path = HomeViewController.xib; sourceTree = "<group>"; };
		A14599812CFEF5800013D990 /* DMSans-Regular.ttf */ = {isa = PBXFileReference; lastKnownFileType = file; path = "DMSans-Regular.ttf"; sourceTree = "<group>"; };
		A14599822CFEF5800013D990 /* DMSans-SemiBold.ttf */ = {isa = PBXFileReference; lastKnownFileType = file; path = "DMSans-SemiBold.ttf"; sourceTree = "<group>"; };
		A14599832CFEF5800013D990 /* DMSans-Light.ttf */ = {isa = PBXFileReference; lastKnownFileType = file; path = "DMSans-Light.ttf"; sourceTree = "<group>"; };
		A14599842CFEF5800013D990 /* DMSans-Medium.ttf */ = {isa = PBXFileReference; lastKnownFileType = file; path = "DMSans-Medium.ttf"; sourceTree = "<group>"; };
		A14599852CFEF5800013D990 /* DMSans-Bold.ttf */ = {isa = PBXFileReference; lastKnownFileType = file; path = "DMSans-Bold.ttf"; sourceTree = "<group>"; };
		A14599862CFEF5800013D990 /* DMSans-Thin.ttf */ = {isa = PBXFileReference; lastKnownFileType = file; path = "DMSans-Thin.ttf"; sourceTree = "<group>"; };
		A14599872CFEF5800013D990 /* DMSans-Italic.ttf */ = {isa = PBXFileReference; lastKnownFileType = file; path = "DMSans-Italic.ttf"; sourceTree = "<group>"; };
		A194556F2D06D635008721E9 /* FilterViewModel.swift */ = {isa = PBXFileReference; lastKnownFileType = sourcecode.swift; path = FilterViewModel.swift; sourceTree = "<group>"; };
		A19455712D06E599008721E9 /* sortbyTableViewCell.swift */ = {isa = PBXFileReference; lastKnownFileType = sourcecode.swift; path = sortbyTableViewCell.swift; sourceTree = "<group>"; };
		A19455722D06E599008721E9 /* sortbyTableViewCell.xib */ = {isa = PBXFileReference; lastKnownFileType = file.xib; path = sortbyTableViewCell.xib; sourceTree = "<group>"; };
		A19455752D06EE11008721E9 /* SearchTableViewCell.swift */ = {isa = PBXFileReference; lastKnownFileType = sourcecode.swift; path = SearchTableViewCell.swift; sourceTree = "<group>"; };
		A19455762D06EE11008721E9 /* SearchTableViewCell.xib */ = {isa = PBXFileReference; lastKnownFileType = file.xib; path = SearchTableViewCell.xib; sourceTree = "<group>"; };
		A19455792D095C31008721E9 /* SearchResultViewController.swift */ = {isa = PBXFileReference; lastKnownFileType = sourcecode.swift; path = SearchResultViewController.swift; sourceTree = "<group>"; };
		A194557A2D095C31008721E9 /* SearchResultViewController.xib */ = {isa = PBXFileReference; lastKnownFileType = file.xib; path = SearchResultViewController.xib; sourceTree = "<group>"; };
		A194557D2D097866008721E9 /* SearchResultViewModel.swift */ = {isa = PBXFileReference; lastKnownFileType = sourcecode.swift; path = SearchResultViewModel.swift; sourceTree = "<group>"; };
		A194557F2D097E45008721E9 /* searchPartner.json */ = {isa = PBXFileReference; lastKnownFileType = text.json; path = searchPartner.json; sourceTree = "<group>"; };
		A19455812D099139008721E9 /* DetailBrandViewController.swift */ = {isa = PBXFileReference; lastKnownFileType = sourcecode.swift; path = DetailBrandViewController.swift; sourceTree = "<group>"; };
		A19455822D099139008721E9 /* DetailBrandViewController.xib */ = {isa = PBXFileReference; lastKnownFileType = file.xib; path = DetailBrandViewController.xib; sourceTree = "<group>"; };
		A19AB4B82D00186F00725665 /* bestPartners.json */ = {isa = PBXFileReference; lastKnownFileType = text.json; path = bestPartners.json; sourceTree = "<group>"; };
		A19AB4BA2D003A4600725665 /* BestPartnersTableViewCell.swift */ = {isa = PBXFileReference; lastKnownFileType = sourcecode.swift; path = BestPartnersTableViewCell.swift; sourceTree = "<group>"; };
		A19AB4BB2D003A4600725665 /* BestPartnersTableViewCell.xib */ = {isa = PBXFileReference; lastKnownFileType = file.xib; path = BestPartnersTableViewCell.xib; sourceTree = "<group>"; };
		A19AB4BE2D004A6D00725665 /* nearby.json */ = {isa = PBXFileReference; lastKnownFileType = text.json; path = nearby.json; sourceTree = "<group>"; };
		A19AB4C02D004A8600725665 /* sales.json */ = {isa = PBXFileReference; lastKnownFileType = text.json; path = sales.json; sourceTree = "<group>"; };
		A19AB4C22D004A9200725665 /* rate.json */ = {isa = PBXFileReference; lastKnownFileType = text.json; path = rate.json; sourceTree = "<group>"; };
		A19AB4C42D004A9D00725665 /* fast.json */ = {isa = PBXFileReference; lastKnownFileType = text.json; path = fast.json; sourceTree = "<group>"; };
		A19E165F2D10889200E0B856 /* ImageReviewCollectionViewCell.swift */ = {isa = PBXFileReference; lastKnownFileType = sourcecode.swift; path = ImageReviewCollectionViewCell.swift; sourceTree = "<group>"; };
		A19E16602D10889200E0B856 /* ImageReviewCollectionViewCell.xib */ = {isa = PBXFileReference; lastKnownFileType = file.xib; path = ImageReviewCollectionViewCell.xib; sourceTree = "<group>"; };
		A19E16632D114A0F00E0B856 /* PopularItemsTableViewCell.swift */ = {isa = PBXFileReference; lastKnownFileType = sourcecode.swift; path = PopularItemsTableViewCell.swift; sourceTree = "<group>"; };
		A19E16642D114A0F00E0B856 /* PopularItemsTableViewCell.xib */ = {isa = PBXFileReference; lastKnownFileType = file.xib; path = PopularItemsTableViewCell.xib; sourceTree = "<group>"; };
		A19E16672D114B2C00E0B856 /* PopularItemsCollectionViewCell.swift */ = {isa = PBXFileReference; lastKnownFileType = sourcecode.swift; path = PopularItemsCollectionViewCell.swift; sourceTree = "<group>"; };
		A19E16682D114B2C00E0B856 /* PopularItemsCollectionViewCell.xib */ = {isa = PBXFileReference; lastKnownFileType = file.xib; path = PopularItemsCollectionViewCell.xib; sourceTree = "<group>"; };
		A19E166B2D114E4A00E0B856 /* reviewBrand.json */ = {isa = PBXFileReference; lastKnownFileType = text.json; path = reviewBrand.json; sourceTree = "<group>"; };
		A19E166F2D1558A200E0B856 /* AddToCartViewController.swift */ = {isa = PBXFileReference; lastKnownFileType = sourcecode.swift; path = AddToCartViewController.swift; sourceTree = "<group>"; };
		A19E16702D1558A200E0B856 /* AddToCartViewController.xib */ = {isa = PBXFileReference; lastKnownFileType = file.xib; path = AddToCartViewController.xib; sourceTree = "<group>"; };
		A19E16732D15609800E0B856 /* AddToCartViewModel.swift */ = {isa = PBXFileReference; lastKnownFileType = sourcecode.swift; path = AddToCartViewModel.swift; sourceTree = "<group>"; };
		A19E16752D1560EC00E0B856 /* dishInfor.json */ = {isa = PBXFileReference; lastKnownFileType = text.json; path = dishInfor.json; sourceTree = "<group>"; };
		A19E16772D15641600E0B856 /* dishImageCollectionViewCell.swift */ = {isa = PBXFileReference; lastKnownFileType = sourcecode.swift; path = dishImageCollectionViewCell.swift; sourceTree = "<group>"; };
		A19E16782D15641600E0B856 /* dishImageCollectionViewCell.xib */ = {isa = PBXFileReference; lastKnownFileType = file.xib; path = dishImageCollectionViewCell.xib; sourceTree = "<group>"; };
		A19E167F2D1BF07500E0B856 /* addToCart.json */ = {isa = PBXFileReference; lastKnownFileType = text.json; path = addToCart.json; sourceTree = "<group>"; };
		A19E16822D1D35C900E0B856 /* ConfirmOrderViewController.swift */ = {isa = PBXFileReference; lastKnownFileType = sourcecode.swift; path = ConfirmOrderViewController.swift; sourceTree = "<group>"; };
		A19E16832D1D35C900E0B856 /* ConfirmOrderViewController.xib */ = {isa = PBXFileReference; lastKnownFileType = file.xib; path = ConfirmOrderViewController.xib; sourceTree = "<group>"; };
		A1DD79B62D1D4E4400C601B7 /* OrderTableViewCell.swift */ = {isa = PBXFileReference; lastKnownFileType = sourcecode.swift; path = OrderTableViewCell.swift; sourceTree = "<group>"; };
		A1DD79B72D1D4E4400C601B7 /* OrderTableViewCell.xib */ = {isa = PBXFileReference; lastKnownFileType = file.xib; path = OrderTableViewCell.xib; sourceTree = "<group>"; };
		A1DD79BA2D1D532A00C601B7 /* ConfirmOrderViewModel.swift */ = {isa = PBXFileReference; lastKnownFileType = sourcecode.swift; path = ConfirmOrderViewModel.swift; sourceTree = "<group>"; };
		A1DD79BE2D1D54A700C601B7 /* confirmOrder.json */ = {isa = PBXFileReference; lastKnownFileType = text.json; path = confirmOrder.json; sourceTree = "<group>"; };
		A1DD79C02D1E759400C601B7 /* AddPaymentMethodViewController.swift */ = {isa = PBXFileReference; lastKnownFileType = sourcecode.swift; path = AddPaymentMethodViewController.swift; sourceTree = "<group>"; };
		A1DD79C12D1E759400C601B7 /* AddPaymentMethodViewController.xib */ = {isa = PBXFileReference; lastKnownFileType = file.xib; path = AddPaymentMethodViewController.xib; sourceTree = "<group>"; };
		A1DD79C42D1E8C9C00C601B7 /* AddPaymentMethodViewModel.swift */ = {isa = PBXFileReference; lastKnownFileType = sourcecode.swift; path = AddPaymentMethodViewModel.swift; sourceTree = "<group>"; };
		A1DD79C82D23052700C601B7 /* ResultOrderViewController.swift */ = {isa = PBXFileReference; lastKnownFileType = sourcecode.swift; path = ResultOrderViewController.swift; sourceTree = "<group>"; };
/* End PBXFileReference section */

/* Begin PBXFrameworksBuildPhase section */
		A137F9922CF38CC800A75DA3 /* Frameworks */ = {
			isa = PBXFrameworksBuildPhase;
			buildActionMask = 2147483647;
			files = (
				BCF0571C5F1AAA0468E96238 /* Pods_Bankezy.framework in Frameworks */,
			);
			runOnlyForDeploymentPostprocessing = 0;
		};
/* End PBXFrameworksBuildPhase section */

/* Begin PBXGroup section */
		1E7C3976BD4CA3C306B908C3 /* Pods */ = {
			isa = PBXGroup;
			children = (
				2332F9E6E205BB77DE6321B4 /* Pods-Bankezy.debug.xcconfig */,
				3AE8F06D4D33BEDC9F87DBFD /* Pods-Bankezy.release.xcconfig */,
			);
			path = Pods;
			sourceTree = "<group>";
		};
		A137F98C2CF38CC800A75DA3 = {
			isa = PBXGroup;
			children = (
				A137F9972CF38CC800A75DA3 /* Bankezy */,
				A137F9962CF38CC800A75DA3 /* Products */,
				1E7C3976BD4CA3C306B908C3 /* Pods */,
				D16F85C9451A177F71ABB67F /* Frameworks */,
			);
			sourceTree = "<group>";
		};
		A137F9962CF38CC800A75DA3 /* Products */ = {
			isa = PBXGroup;
			children = (
				A137F9952CF38CC800A75DA3 /* Bankezy.app */,
			);
			name = Products;
			sourceTree = "<group>";
		};
		A137F9972CF38CC800A75DA3 /* Bankezy */ = {
			isa = PBXGroup;
			children = (
				A137F9E62CF5C32E00A75DA3 /* creatAcc.json */,
				A19AB4B82D00186F00725665 /* bestPartners.json */,
				A13FACEB2CFF6BB700AC23FA /* category.json */,
				A19AB4C62D004ABF00725665 /* partner */,
				A137F9EC2CF6F6A200A75DA3 /* login.json */,
				A194557F2D097E45008721E9 /* searchPartner.json */,
				A1145BF62D0C2FC8005DED95 /* brandDetail.json */,
				A1145BFA2D0C2FF7005DED95 /* popularItems.json */,
				A1145BF82D0C2FE6005DED95 /* menu.json */,
				A19E166B2D114E4A00E0B856 /* reviewBrand.json */,
				A19E16752D1560EC00E0B856 /* dishInfor.json */,
				A19E167F2D1BF07500E0B856 /* addToCart.json */,
				A1DD79BE2D1D54A700C601B7 /* confirmOrder.json */,
				A137F9982CF38CC800A75DA3 /* AppDelegate.swift */,
				A11FEE8F2CFF64720039400C /* CategoryCollectionViewCell.swift */,
				A14599762CF840500013D990 /* TabBarController.swift */,
				A137F9F42CF82DBC00A75DA3 /* Login */,
				A145997B2CFEC32F0013D990 /* Food&Drink */,
				A137F9E82CF5C38100A75DA3 /* APITarget.swift */,
				A137F9C52CF392F200A75DA3 /* Fonts */,
				A137F9AE2CF38DB900A75DA3 /* Helps */,
				A137F9A12CF38CC900A75DA3 /* Assets.xcassets */,
				A137F9A32CF38CC900A75DA3 /* LaunchScreen.storyboard */,
				A137F9A62CF38CC900A75DA3 /* Info.plist */,
			);
			path = Bankezy;
			sourceTree = "<group>";
		};
		A137F9AE2CF38DB900A75DA3 /* Helps */ = {
			isa = PBXGroup;
			children = (
				A137F9B22CF38E6800A75DA3 /* NavigationBar.swift */,
				A137F9B82CF38E6800A75DA3 /* String Ext.swift */,
				A137F9B72CF38E6800A75DA3 /* UIButton+Ext.swift */,
				A137F9B32CF38E6800A75DA3 /* UIColor+Ext.swift */,
				A137F9B12CF38E6800A75DA3 /* UIFont+Ext.swift */,
				A137F9B52CF38E6800A75DA3 /* UIImageView+Ext.swift */,
				A137F9AF2CF38E6700A75DA3 /* UISearchBar+Ext.swift */,
				A137F9B42CF38E6800A75DA3 /* UIStackView+Ext.swift */,
				A137F9B02CF38E6800A75DA3 /* UIView+Ext.swift */,
				A137F9B62CF38E6800A75DA3 /* Withable.swift */,
				A137F9E02CF59B1F00A75DA3 /* ExtUI.swift */,
				A137F9EE2CF781BB00A75DA3 /* ErrorTracker.swift */,
			);
			path = Helps;
			sourceTree = "<group>";
		};
		A137F9C52CF392F200A75DA3 /* Fonts */ = {
			isa = PBXGroup;
			children = (
				A14599852CFEF5800013D990 /* DMSans-Bold.ttf */,
				A14599872CFEF5800013D990 /* DMSans-Italic.ttf */,
				A14599832CFEF5800013D990 /* DMSans-Light.ttf */,
				A14599842CFEF5800013D990 /* DMSans-Medium.ttf */,
				A14599812CFEF5800013D990 /* DMSans-Regular.ttf */,
				A14599822CFEF5800013D990 /* DMSans-SemiBold.ttf */,
				A14599862CFEF5800013D990 /* DMSans-Thin.ttf */,
			);
			path = Fonts;
			sourceTree = "<group>";
		};
		A137F9F42CF82DBC00A75DA3 /* Login */ = {
			isa = PBXGroup;
			children = (
				A137F9D42CF396C000A75DA3 /* GetStartedViewController.swift */,
				A137F9D52CF396C000A75DA3 /* GetStartedViewController.xib */,
				A137F9D82CF5929300A75DA3 /* CreatAccViewController.swift */,
				A137F9E42CF5C09300A75DA3 /* CreattAccViewModel.swift */,
				A137F9D92CF5929300A75DA3 /* CreatAccViewController.xib */,
				A137F9DC2CF593A000A75DA3 /* LoginViewController.swift */,
				A137F9EA2CF6E84000A75DA3 /* LoginViewModel.swift */,
				A137F9DD2CF593A000A75DA3 /* LoginViewController.xib */,
			);
			path = Login;
			sourceTree = "<group>";
		};
		A145997B2CFEC32F0013D990 /* Food&Drink */ = {
			isa = PBXGroup;
			children = (
				A145997C2CFEC37C0013D990 /* Home */,
				A19E166D2D15583600E0B856 /* DetailVC */,
				A19E166E2D15587500E0B856 /* AddToCart */,
				A19E16812D1D358E00E0B856 /* ConfirmOrder */,
			);
			path = "Food&Drink";
			sourceTree = "<group>";
		};
		A145997C2CFEC37C0013D990 /* Home */ = {
			isa = PBXGroup;
			children = (
				A145997D2CFEC3990013D990 /* HomeViewController.swift */,
				A145997E2CFEC3990013D990 /* HomeViewController.xib */,
				A13FACE92CFF6A9F00AC23FA /* HomeViewModel.swift */,
				A14186CD2D00CEA80023A6E5 /* BestPartnersAllViewController.swift */,
				A14186D12D00D06B0023A6E5 /* BestPartnerAllViewModel.swift */,
				A14186CE2D00CEA80023A6E5 /* BestPartnersAllViewController.xib */,
				A11FEE902CFF64720039400C /* CategoryCollectionViewCell.xib */,
				A13FACF12CFF7B8800AC23FA /* BestPartnerCollectionViewCell.swift */,
				A13FACF22CFF7B8800AC23FA /* BestPartnerCollectionViewCell.xib */,
				A19AB4BA2D003A4600725665 /* BestPartnersTableViewCell.swift */,
				A19AB4BB2D003A4600725665 /* BestPartnersTableViewCell.xib */,
				A14186D52D0601F40023A6E5 /* FilterViewController.swift */,
				A194556F2D06D635008721E9 /* FilterViewModel.swift */,
				A14186D62D0601F40023A6E5 /* FilterViewController.xib */,
				A19455712D06E599008721E9 /* sortbyTableViewCell.swift */,
				A19455722D06E599008721E9 /* sortbyTableViewCell.xib */,
				A19455792D095C31008721E9 /* SearchResultViewController.swift */,
				A194557D2D097866008721E9 /* SearchResultViewModel.swift */,
				A194557A2D095C31008721E9 /* SearchResultViewController.xib */,
				A19455752D06EE11008721E9 /* SearchTableViewCell.swift */,
				A19455762D06EE11008721E9 /* SearchTableViewCell.xib */,
			);
			path = Home;
			sourceTree = "<group>";
		};
		A19AB4C62D004ABF00725665 /* partner */ = {
			isa = PBXGroup;
			children = (
				A19AB4C22D004A9200725665 /* rate.json */,
				A19AB4C42D004A9D00725665 /* fast.json */,
				A19AB4C02D004A8600725665 /* sales.json */,
				A19AB4BE2D004A6D00725665 /* nearby.json */,
				A14186D32D0211610023A6E5 /* seeAllPartner.json */,
			);
			path = partner;
			sourceTree = "<group>";
		};
		A19E166D2D15583600E0B856 /* DetailVC */ = {
			isa = PBXGroup;
			children = (
				A19455812D099139008721E9 /* DetailBrandViewController.swift */,
				A1145BF42D0C2E9E005DED95 /* DetailBrandViewModel.swift */,
				A19455822D099139008721E9 /* DetailBrandViewController.xib */,
				A19E16632D114A0F00E0B856 /* PopularItemsTableViewCell.swift */,
				A19E16642D114A0F00E0B856 /* PopularItemsTableViewCell.xib */,
				A19E16672D114B2C00E0B856 /* PopularItemsCollectionViewCell.swift */,
				A19E16682D114B2C00E0B856 /* PopularItemsCollectionViewCell.xib */,
				A1145BF02D0C1999005DED95 /* MenuTableViewCell.swift */,
				A1145BF12D0C1999005DED95 /* MenuTableViewCell.xib */,
				A1145BFC2D101A6B005DED95 /* ReviewTableViewCell.swift */,
				A1145BFD2D101A6B005DED95 /* ReviewTableViewCell.xib */,
				A19E165F2D10889200E0B856 /* ImageReviewCollectionViewCell.swift */,
				A19E16602D10889200E0B856 /* ImageReviewCollectionViewCell.xib */,
			);
			path = DetailVC;
			sourceTree = "<group>";
		};
		A19E166E2D15587500E0B856 /* AddToCart */ = {
			isa = PBXGroup;
			children = (
				A19E166F2D1558A200E0B856 /* AddToCartViewController.swift */,
				A19E16732D15609800E0B856 /* AddToCartViewModel.swift */,
				A19E16702D1558A200E0B856 /* AddToCartViewController.xib */,
				A19E16772D15641600E0B856 /* dishImageCollectionViewCell.swift */,
				A19E16782D15641600E0B856 /* dishImageCollectionViewCell.xib */,
			);
			path = AddToCart;
			sourceTree = "<group>";
		};
		A19E16812D1D358E00E0B856 /* ConfirmOrder */ = {
			isa = PBXGroup;
			children = (
				A19E16822D1D35C900E0B856 /* ConfirmOrderViewController.swift */,
				A1DD79BA2D1D532A00C601B7 /* ConfirmOrderViewModel.swift */,
				A19E16832D1D35C900E0B856 /* ConfirmOrderViewController.xib */,
				A1DD79C82D23052700C601B7 /* ResultOrderViewController.swift */,
				A1DD79B62D1D4E4400C601B7 /* OrderTableViewCell.swift */,
				A1DD79B72D1D4E4400C601B7 /* OrderTableViewCell.xib */,
				A1DD79C02D1E759400C601B7 /* AddPaymentMethodViewController.swift */,
				A1DD79C42D1E8C9C00C601B7 /* AddPaymentMethodViewModel.swift */,
				A1DD79C12D1E759400C601B7 /* AddPaymentMethodViewController.xib */,
			);
			path = ConfirmOrder;
			sourceTree = "<group>";
		};
		D16F85C9451A177F71ABB67F /* Frameworks */ = {
			isa = PBXGroup;
			children = (
				33EC0476FA2BA16CE09A8FF9 /* Pods_Bankezy.framework */,
			);
			name = Frameworks;
			sourceTree = "<group>";
		};
/* End PBXGroup section */

/* Begin PBXNativeTarget section */
		A137F9942CF38CC800A75DA3 /* Bankezy */ = {
			isa = PBXNativeTarget;
			buildConfigurationList = A137F9A92CF38CC900A75DA3 /* Build configuration list for PBXNativeTarget "Bankezy" */;
			buildPhases = (
				3CD07CFD0602419130445C34 /* [CP] Check Pods Manifest.lock */,
				A137F9912CF38CC800A75DA3 /* Sources */,
				A137F9922CF38CC800A75DA3 /* Frameworks */,
				A137F9932CF38CC800A75DA3 /* Resources */,
				79CDED45FD048F0DB2692F25 /* [CP] Embed Pods Frameworks */,
			);
			buildRules = (
			);
			dependencies = (
			);
			name = Bankezy;
			productName = Bankezy;
			productReference = A137F9952CF38CC800A75DA3 /* Bankezy.app */;
			productType = "com.apple.product-type.application";
		};
/* End PBXNativeTarget section */

/* Begin PBXProject section */
		A137F98D2CF38CC800A75DA3 /* Project object */ = {
			isa = PBXProject;
			attributes = {
				BuildIndependentTargetsInParallel = 1;
				LastSwiftUpdateCheck = 1520;
				LastUpgradeCheck = 1520;
				TargetAttributes = {
					A137F9942CF38CC800A75DA3 = {
						CreatedOnToolsVersion = 15.2;
					};
				};
			};
			buildConfigurationList = A137F9902CF38CC800A75DA3 /* Build configuration list for PBXProject "Bankezy" */;
			compatibilityVersion = "Xcode 14.0";
			developmentRegion = en;
			hasScannedForEncodings = 0;
			knownRegions = (
				en,
				Base,
			);
			mainGroup = A137F98C2CF38CC800A75DA3;
			productRefGroup = A137F9962CF38CC800A75DA3 /* Products */;
			projectDirPath = "";
			projectRoot = "";
			targets = (
				A137F9942CF38CC800A75DA3 /* Bankezy */,
			);
		};
/* End PBXProject section */

/* Begin PBXResourcesBuildPhase section */
		A137F9932CF38CC800A75DA3 /* Resources */ = {
			isa = PBXResourcesBuildPhase;
			buildActionMask = 2147483647;
			files = (
				A1145BF32D0C1999005DED95 /* MenuTableViewCell.xib in Resources */,
				A1DD79D12D23139100C601B7 /* DMSans-Thin.ttf in Resources */,
				A1DD79CF2D23139100C601B7 /* DMSans-Bold.ttf in Resources */,
				A1145BFF2D101A6B005DED95 /* ReviewTableViewCell.xib in Resources */,
				A19AB4C32D004A9200725665 /* rate.json in Resources */,
				A1145BF92D0C2FE6005DED95 /* menu.json in Resources */,
				A19E16722D1558A200E0B856 /* AddToCartViewController.xib in Resources */,
				A19E166C2D114E4A00E0B856 /* reviewBrand.json in Resources */,
				A1DD79B92D1D4E4400C601B7 /* OrderTableViewCell.xib in Resources */,
				A13FACEC2CFF6BB700AC23FA /* category.json in Resources */,
				A19E16852D1D35C900E0B856 /* ConfirmOrderViewController.xib in Resources */,
				A137F9DB2CF5929300A75DA3 /* CreatAccViewController.xib in Resources */,
				A1DD79D02D23139100C601B7 /* DMSans-Italic.ttf in Resources */,
				A1DD79BF2D1D54A700C601B7 /* confirmOrder.json in Resources */,
				A1145BFB2D0C2FF7005DED95 /* popularItems.json in Resources */,
				A19E16802D1BF07500E0B856 /* addToCart.json in Resources */,
				A137F9E72CF5C32E00A75DA3 /* creatAcc.json in Resources */,
				A137F9A52CF38CC900A75DA3 /* LaunchScreen.storyboard in Resources */,
				A19455782D06EE11008721E9 /* SearchTableViewCell.xib in Resources */,
				A19E16622D10889200E0B856 /* ImageReviewCollectionViewCell.xib in Resources */,
				A137F9DF2CF593A000A75DA3 /* LoginViewController.xib in Resources */,
				A19E166A2D114B2C00E0B856 /* PopularItemsCollectionViewCell.xib in Resources */,
				A19E16762D1560EC00E0B856 /* dishInfor.json in Resources */,
				A1DD79C32D1E759400C601B7 /* AddPaymentMethodViewController.xib in Resources */,
				A1DD79CE2D23139100C601B7 /* DMSans-SemiBold.ttf in Resources */,
				A19AB4B92D00186F00725665 /* bestPartners.json in Resources */,
				A19E167A2D15641600E0B856 /* dishImageCollectionViewCell.xib in Resources */,
				A1145BF72D0C2FC8005DED95 /* brandDetail.json in Resources */,
				A1DD79CC2D23139100C601B7 /* DMSans-Light.ttf in Resources */,
				A19AB4C52D004A9D00725665 /* fast.json in Resources */,
				A19AB4BD2D003A4600725665 /* BestPartnersTableViewCell.xib in Resources */,
				A19455742D06E599008721E9 /* sortbyTableViewCell.xib in Resources */,
				A19AB4BF2D004A6D00725665 /* nearby.json in Resources */,
				A14186D82D0601F40023A6E5 /* FilterViewController.xib in Resources */,
				A137F9A22CF38CC900A75DA3 /* Assets.xcassets in Resources */,
				A1DD79CD2D23139100C601B7 /* DMSans-Regular.ttf in Resources */,
				A1DD79D22D23139100C601B7 /* DMSans-Medium.ttf in Resources */,
				A137F9ED2CF6F6A200A75DA3 /* login.json in Resources */,
				A13FACF42CFF7B8800AC23FA /* BestPartnerCollectionViewCell.xib in Resources */,
				A19E16662D114A0F00E0B856 /* PopularItemsTableViewCell.xib in Resources */,
				A11FEE922CFF64720039400C /* CategoryCollectionViewCell.xib in Resources */,
				A19455842D099139008721E9 /* DetailBrandViewController.xib in Resources */,
				A137F9D72CF396C000A75DA3 /* GetStartedViewController.xib in Resources */,
				A19AB4C12D004A8600725665 /* sales.json in Resources */,
				A194557C2D095C31008721E9 /* SearchResultViewController.xib in Resources */,
				A14599802CFEC3990013D990 /* HomeViewController.xib in Resources */,
				A14186D02D00CEA80023A6E5 /* BestPartnersAllViewController.xib in Resources */,
				A14186D42D0211610023A6E5 /* seeAllPartner.json in Resources */,
				A19455802D097E45008721E9 /* searchPartner.json in Resources */,
			);
			runOnlyForDeploymentPostprocessing = 0;
		};
/* End PBXResourcesBuildPhase section */

/* Begin PBXShellScriptBuildPhase section */
		3CD07CFD0602419130445C34 /* [CP] Check Pods Manifest.lock */ = {
			isa = PBXShellScriptBuildPhase;
			buildActionMask = 2147483647;
			files = (
			);
			inputFileListPaths = (
			);
			inputPaths = (
				"${PODS_PODFILE_DIR_PATH}/Podfile.lock",
				"${PODS_ROOT}/Manifest.lock",
			);
			name = "[CP] Check Pods Manifest.lock";
			outputFileListPaths = (
			);
			outputPaths = (
				"$(DERIVED_FILE_DIR)/Pods-Bankezy-checkManifestLockResult.txt",
			);
			runOnlyForDeploymentPostprocessing = 0;
			shellPath = /bin/sh;
			shellScript = "diff \"${PODS_PODFILE_DIR_PATH}/Podfile.lock\" \"${PODS_ROOT}/Manifest.lock\" > /dev/null\nif [ $? != 0 ] ; then\n    # print error to STDERR\n    echo \"error: The sandbox is not in sync with the Podfile.lock. Run 'pod install' or update your CocoaPods installation.\" >&2\n    exit 1\nfi\n# This output is used by Xcode 'outputs' to avoid re-running this script phase.\necho \"SUCCESS\" > \"${SCRIPT_OUTPUT_FILE_0}\"\n";
			showEnvVarsInLog = 0;
		};
		79CDED45FD048F0DB2692F25 /* [CP] Embed Pods Frameworks */ = {
			isa = PBXShellScriptBuildPhase;
			buildActionMask = 2147483647;
			files = (
			);
			inputFileListPaths = (
				"${PODS_ROOT}/Target Support Files/Pods-Bankezy/Pods-Bankezy-frameworks-${CONFIGURATION}-input-files.xcfilelist",
			);
			name = "[CP] Embed Pods Frameworks";
			outputFileListPaths = (
				"${PODS_ROOT}/Target Support Files/Pods-Bankezy/Pods-Bankezy-frameworks-${CONFIGURATION}-output-files.xcfilelist",
			);
			runOnlyForDeploymentPostprocessing = 0;
			shellPath = /bin/sh;
			shellScript = "\"${PODS_ROOT}/Target Support Files/Pods-Bankezy/Pods-Bankezy-frameworks.sh\"\n";
			showEnvVarsInLog = 0;
		};
/* End PBXShellScriptBuildPhase section */

/* Begin PBXSourcesBuildPhase section */
		A137F9912CF38CC800A75DA3 /* Sources */ = {
			isa = PBXSourcesBuildPhase;
			buildActionMask = 2147483647;
			files = (
				A137F9BD2CF38E6800A75DA3 /* UIColor+Ext.swift in Sources */,
				A194557E2D097866008721E9 /* SearchResultViewModel.swift in Sources */,
				A137F9BA2CF38E6800A75DA3 /* UIView+Ext.swift in Sources */,
				A19E16692D114B2C00E0B856 /* PopularItemsCollectionViewCell.swift in Sources */,
				A19455832D099139008721E9 /* DetailBrandViewController.swift in Sources */,
				A137F9DE2CF593A000A75DA3 /* LoginViewController.swift in Sources */,
				A1DD79BB2D1D532A00C601B7 /* ConfirmOrderViewModel.swift in Sources */,
				A1DD79B82D1D4E4400C601B7 /* OrderTableViewCell.swift in Sources */,
				A137F9992CF38CC800A75DA3 /* AppDelegate.swift in Sources */,
				A1145BF52D0C2E9E005DED95 /* DetailBrandViewModel.swift in Sources */,
				A19E16842D1D35C900E0B856 /* ConfirmOrderViewController.swift in Sources */,
				A14186D22D00D06B0023A6E5 /* BestPartnerAllViewModel.swift in Sources */,
				A137F9E92CF5C38100A75DA3 /* APITarget.swift in Sources */,
				A13FACEA2CFF6A9F00AC23FA /* HomeViewModel.swift in Sources */,
				A1DD79C52D1E8C9C00C601B7 /* AddPaymentMethodViewModel.swift in Sources */,
				A137F9E12CF59B1F00A75DA3 /* ExtUI.swift in Sources */,
				A13FACF32CFF7B8800AC23FA /* BestPartnerCollectionViewCell.swift in Sources */,
				A145997F2CFEC3990013D990 /* HomeViewController.swift in Sources */,
				A19E16712D1558A200E0B856 /* AddToCartViewController.swift in Sources */,
				A19E16652D114A0F00E0B856 /* PopularItemsTableViewCell.swift in Sources */,
				A1DD79CA2D23052700C601B7 /* ResultOrderViewController.swift in Sources */,
				A137F9C02CF38E6800A75DA3 /* Withable.swift in Sources */,
				A11FEE912CFF64720039400C /* CategoryCollectionViewCell.swift in Sources */,
				A1145BF22D0C1999005DED95 /* MenuTableViewCell.swift in Sources */,
				A137F9D62CF396C000A75DA3 /* GetStartedViewController.swift in Sources */,
				A137F9BF2CF38E6800A75DA3 /* UIImageView+Ext.swift in Sources */,
				A19E16742D15609800E0B856 /* AddToCartViewModel.swift in Sources */,
				A14186D72D0601F40023A6E5 /* FilterViewController.swift in Sources */,
				A137F9BE2CF38E6800A75DA3 /* UIStackView+Ext.swift in Sources */,
				A137F9B92CF38E6800A75DA3 /* UISearchBar+Ext.swift in Sources */,
				A137F9E52CF5C09300A75DA3 /* CreattAccViewModel.swift in Sources */,
				A137F9C22CF38E6800A75DA3 /* String Ext.swift in Sources */,
				A137F9BB2CF38E6800A75DA3 /* UIFont+Ext.swift in Sources */,
				A19455732D06E599008721E9 /* sortbyTableViewCell.swift in Sources */,
				A137F9C12CF38E6800A75DA3 /* UIButton+Ext.swift in Sources */,
				A1DD79C22D1E759400C601B7 /* AddPaymentMethodViewController.swift in Sources */,
				A14186CF2D00CEA80023A6E5 /* BestPartnersAllViewController.swift in Sources */,
				A19455702D06D635008721E9 /* FilterViewModel.swift in Sources */,
				A137F9DA2CF5929300A75DA3 /* CreatAccViewController.swift in Sources */,
				A19AB4BC2D003A4600725665 /* BestPartnersTableViewCell.swift in Sources */,
				A19E16612D10889200E0B856 /* ImageReviewCollectionViewCell.swift in Sources */,
				A137F9EB2CF6E84000A75DA3 /* LoginViewModel.swift in Sources */,
				A14599782CF840500013D990 /* TabBarController.swift in Sources */,
				A19E16792D15641600E0B856 /* dishImageCollectionViewCell.swift in Sources */,
				A137F9BC2CF38E6800A75DA3 /* NavigationBar.swift in Sources */,
				A19455772D06EE11008721E9 /* SearchTableViewCell.swift in Sources */,
				A194557B2D095C31008721E9 /* SearchResultViewController.swift in Sources */,
				A137F9EF2CF781BB00A75DA3 /* ErrorTracker.swift in Sources */,
				A1145BFE2D101A6B005DED95 /* ReviewTableViewCell.swift in Sources */,
			);
			runOnlyForDeploymentPostprocessing = 0;
		};
/* End PBXSourcesBuildPhase section */

/* Begin PBXVariantGroup section */
		A137F9A32CF38CC900A75DA3 /* LaunchScreen.storyboard */ = {
			isa = PBXVariantGroup;
			children = (
				A137F9A42CF38CC900A75DA3 /* Base */,
			);
			name = LaunchScreen.storyboard;
			sourceTree = "<group>";
		};
/* End PBXVariantGroup section */

/* Begin XCBuildConfiguration section */
		A137F9A72CF38CC900A75DA3 /* Debug */ = {
			isa = XCBuildConfiguration;
			buildSettings = {
				ALWAYS_SEARCH_USER_PATHS = NO;
				ASSETCATALOG_COMPILER_GENERATE_SWIFT_ASSET_SYMBOL_EXTENSIONS = YES;
				CLANG_ANALYZER_NONNULL = YES;
				CLANG_ANALYZER_NUMBER_OBJECT_CONVERSION = YES_AGGRESSIVE;
				CLANG_CXX_LANGUAGE_STANDARD = "gnu++20";
				CLANG_ENABLE_MODULES = YES;
				CLANG_ENABLE_OBJC_ARC = YES;
				CLANG_ENABLE_OBJC_WEAK = YES;
				CLANG_WARN_BLOCK_CAPTURE_AUTORELEASING = YES;
				CLANG_WARN_BOOL_CONVERSION = YES;
				CLANG_WARN_COMMA = YES;
				CLANG_WARN_CONSTANT_CONVERSION = YES;
				CLANG_WARN_DEPRECATED_OBJC_IMPLEMENTATIONS = YES;
				CLANG_WARN_DIRECT_OBJC_ISA_USAGE = YES_ERROR;
				CLANG_WARN_DOCUMENTATION_COMMENTS = YES;
				CLANG_WARN_EMPTY_BODY = YES;
				CLANG_WARN_ENUM_CONVERSION = YES;
				CLANG_WARN_INFINITE_RECURSION = YES;
				CLANG_WARN_INT_CONVERSION = YES;
				CLANG_WARN_NON_LITERAL_NULL_CONVERSION = YES;
				CLANG_WARN_OBJC_IMPLICIT_RETAIN_SELF = YES;
				CLANG_WARN_OBJC_LITERAL_CONVERSION = YES;
				CLANG_WARN_OBJC_ROOT_CLASS = YES_ERROR;
				CLANG_WARN_QUOTED_INCLUDE_IN_FRAMEWORK_HEADER = YES;
				CLANG_WARN_RANGE_LOOP_ANALYSIS = YES;
				CLANG_WARN_STRICT_PROTOTYPES = YES;
				CLANG_WARN_SUSPICIOUS_MOVE = YES;
				CLANG_WARN_UNGUARDED_AVAILABILITY = YES_AGGRESSIVE;
				CLANG_WARN_UNREACHABLE_CODE = YES;
				CLANG_WARN__DUPLICATE_METHOD_MATCH = YES;
				COPY_PHASE_STRIP = NO;
				DEBUG_INFORMATION_FORMAT = dwarf;
				ENABLE_STRICT_OBJC_MSGSEND = YES;
				ENABLE_TESTABILITY = YES;
				ENABLE_USER_SCRIPT_SANDBOXING = YES;
				GCC_C_LANGUAGE_STANDARD = gnu17;
				GCC_DYNAMIC_NO_PIC = NO;
				GCC_NO_COMMON_BLOCKS = YES;
				GCC_OPTIMIZATION_LEVEL = 0;
				GCC_PREPROCESSOR_DEFINITIONS = (
					"DEBUG=1",
					"$(inherited)",
				);
				GCC_WARN_64_TO_32_BIT_CONVERSION = YES;
				GCC_WARN_ABOUT_RETURN_TYPE = YES_ERROR;
				GCC_WARN_UNDECLARED_SELECTOR = YES;
				GCC_WARN_UNINITIALIZED_AUTOS = YES_AGGRESSIVE;
				GCC_WARN_UNUSED_FUNCTION = YES;
				GCC_WARN_UNUSED_VARIABLE = YES;
				IPHONEOS_DEPLOYMENT_TARGET = 17.2;
				LOCALIZATION_PREFERS_STRING_CATALOGS = YES;
				MTL_ENABLE_DEBUG_INFO = INCLUDE_SOURCE;
				MTL_FAST_MATH = YES;
				ONLY_ACTIVE_ARCH = YES;
				SDKROOT = iphoneos;
				SWIFT_ACTIVE_COMPILATION_CONDITIONS = "DEBUG $(inherited)";
				SWIFT_OPTIMIZATION_LEVEL = "-Onone";
			};
			name = Debug;
		};
		A137F9A82CF38CC900A75DA3 /* Release */ = {
			isa = XCBuildConfiguration;
			buildSettings = {
				ALWAYS_SEARCH_USER_PATHS = NO;
				ASSETCATALOG_COMPILER_GENERATE_SWIFT_ASSET_SYMBOL_EXTENSIONS = YES;
				CLANG_ANALYZER_NONNULL = YES;
				CLANG_ANALYZER_NUMBER_OBJECT_CONVERSION = YES_AGGRESSIVE;
				CLANG_CXX_LANGUAGE_STANDARD = "gnu++20";
				CLANG_ENABLE_MODULES = YES;
				CLANG_ENABLE_OBJC_ARC = YES;
				CLANG_ENABLE_OBJC_WEAK = YES;
				CLANG_WARN_BLOCK_CAPTURE_AUTORELEASING = YES;
				CLANG_WARN_BOOL_CONVERSION = YES;
				CLANG_WARN_COMMA = YES;
				CLANG_WARN_CONSTANT_CONVERSION = YES;
				CLANG_WARN_DEPRECATED_OBJC_IMPLEMENTATIONS = YES;
				CLANG_WARN_DIRECT_OBJC_ISA_USAGE = YES_ERROR;
				CLANG_WARN_DOCUMENTATION_COMMENTS = YES;
				CLANG_WARN_EMPTY_BODY = YES;
				CLANG_WARN_ENUM_CONVERSION = YES;
				CLANG_WARN_INFINITE_RECURSION = YES;
				CLANG_WARN_INT_CONVERSION = YES;
				CLANG_WARN_NON_LITERAL_NULL_CONVERSION = YES;
				CLANG_WARN_OBJC_IMPLICIT_RETAIN_SELF = YES;
				CLANG_WARN_OBJC_LITERAL_CONVERSION = YES;
				CLANG_WARN_OBJC_ROOT_CLASS = YES_ERROR;
				CLANG_WARN_QUOTED_INCLUDE_IN_FRAMEWORK_HEADER = YES;
				CLANG_WARN_RANGE_LOOP_ANALYSIS = YES;
				CLANG_WARN_STRICT_PROTOTYPES = YES;
				CLANG_WARN_SUSPICIOUS_MOVE = YES;
				CLANG_WARN_UNGUARDED_AVAILABILITY = YES_AGGRESSIVE;
				CLANG_WARN_UNREACHABLE_CODE = YES;
				CLANG_WARN__DUPLICATE_METHOD_MATCH = YES;
				COPY_PHASE_STRIP = NO;
				DEBUG_INFORMATION_FORMAT = "dwarf-with-dsym";
				ENABLE_NS_ASSERTIONS = NO;
				ENABLE_STRICT_OBJC_MSGSEND = YES;
				ENABLE_USER_SCRIPT_SANDBOXING = YES;
				GCC_C_LANGUAGE_STANDARD = gnu17;
				GCC_NO_COMMON_BLOCKS = YES;
				GCC_WARN_64_TO_32_BIT_CONVERSION = YES;
				GCC_WARN_ABOUT_RETURN_TYPE = YES_ERROR;
				GCC_WARN_UNDECLARED_SELECTOR = YES;
				GCC_WARN_UNINITIALIZED_AUTOS = YES_AGGRESSIVE;
				GCC_WARN_UNUSED_FUNCTION = YES;
				GCC_WARN_UNUSED_VARIABLE = YES;
				IPHONEOS_DEPLOYMENT_TARGET = 17.2;
				LOCALIZATION_PREFERS_STRING_CATALOGS = YES;
				MTL_ENABLE_DEBUG_INFO = NO;
				MTL_FAST_MATH = YES;
				SDKROOT = iphoneos;
				SWIFT_COMPILATION_MODE = wholemodule;
				VALIDATE_PRODUCT = YES;
			};
			name = Release;
		};
		A137F9AA2CF38CC900A75DA3 /* Debug */ = {
			isa = XCBuildConfiguration;
			baseConfigurationReference = 2332F9E6E205BB77DE6321B4 /* Pods-Bankezy.debug.xcconfig */;
			buildSettings = {
				ASSETCATALOG_COMPILER_APPICON_NAME = AppIcon;
				ASSETCATALOG_COMPILER_GLOBAL_ACCENT_COLOR_NAME = AccentColor;
				CODE_SIGN_STYLE = Automatic;
				CURRENT_PROJECT_VERSION = 1;
				DEVELOPMENT_TEAM = 26M3H74736;
				ENABLE_USER_SCRIPT_SANDBOXING = NO;
				GENERATE_INFOPLIST_FILE = YES;
				INFOPLIST_FILE = Bankezy/Info.plist;
				INFOPLIST_KEY_UIApplicationSupportsIndirectInputEvents = YES;
				INFOPLIST_KEY_UILaunchStoryboardName = LaunchScreen;
				INFOPLIST_KEY_UISupportedInterfaceOrientations_iPad = "UIInterfaceOrientationPortrait UIInterfaceOrientationPortraitUpsideDown UIInterfaceOrientationLandscapeLeft UIInterfaceOrientationLandscapeRight";
				INFOPLIST_KEY_UISupportedInterfaceOrientations_iPhone = "UIInterfaceOrientationPortrait UIInterfaceOrientationLandscapeLeft UIInterfaceOrientationLandscapeRight";
				LD_RUNPATH_SEARCH_PATHS = (
					"$(inherited)",
					"@executable_path/Frameworks",
				);
				MARKETING_VERSION = 1.0;
				PRODUCT_BUNDLE_IDENTIFIER = me.vision.pro.exp.Bankezy;
				PRODUCT_NAME = "$(TARGET_NAME)";
				SWIFT_EMIT_LOC_STRINGS = YES;
				SWIFT_VERSION = 5.0;
				TARGETED_DEVICE_FAMILY = "1,2";
			};
			name = Debug;
		};
		A137F9AB2CF38CC900A75DA3 /* Release */ = {
			isa = XCBuildConfiguration;
			baseConfigurationReference = 3AE8F06D4D33BEDC9F87DBFD /* Pods-Bankezy.release.xcconfig */;
			buildSettings = {
				ASSETCATALOG_COMPILER_APPICON_NAME = AppIcon;
				ASSETCATALOG_COMPILER_GLOBAL_ACCENT_COLOR_NAME = AccentColor;
				CODE_SIGN_STYLE = Automatic;
				CURRENT_PROJECT_VERSION = 1;
				DEVELOPMENT_TEAM = 26M3H74736;
				ENABLE_USER_SCRIPT_SANDBOXING = NO;
				GENERATE_INFOPLIST_FILE = YES;
				INFOPLIST_FILE = Bankezy/Info.plist;
				INFOPLIST_KEY_UIApplicationSupportsIndirectInputEvents = YES;
				INFOPLIST_KEY_UILaunchStoryboardName = LaunchScreen;
				INFOPLIST_KEY_UISupportedInterfaceOrientations_iPad = "UIInterfaceOrientationPortrait UIInterfaceOrientationPortraitUpsideDown UIInterfaceOrientationLandscapeLeft UIInterfaceOrientationLandscapeRight";
				INFOPLIST_KEY_UISupportedInterfaceOrientations_iPhone = "UIInterfaceOrientationPortrait UIInterfaceOrientationLandscapeLeft UIInterfaceOrientationLandscapeRight";
				LD_RUNPATH_SEARCH_PATHS = (
					"$(inherited)",
					"@executable_path/Frameworks",
				);
				MARKETING_VERSION = 1.0;
				PRODUCT_BUNDLE_IDENTIFIER = me.vision.pro.exp.Bankezy;
				PRODUCT_NAME = "$(TARGET_NAME)";
				SWIFT_EMIT_LOC_STRINGS = YES;
				SWIFT_VERSION = 5.0;
				TARGETED_DEVICE_FAMILY = "1,2";
			};
			name = Release;
		};
/* End XCBuildConfiguration section */

/* Begin XCConfigurationList section */
		A137F9902CF38CC800A75DA3 /* Build configuration list for PBXProject "Bankezy" */ = {
			isa = XCConfigurationList;
			buildConfigurations = (
				A137F9A72CF38CC900A75DA3 /* Debug */,
				A137F9A82CF38CC900A75DA3 /* Release */,
			);
			defaultConfigurationIsVisible = 0;
			defaultConfigurationName = Release;
		};
		A137F9A92CF38CC900A75DA3 /* Build configuration list for PBXNativeTarget "Bankezy" */ = {
			isa = XCConfigurationList;
			buildConfigurations = (
				A137F9AA2CF38CC900A75DA3 /* Debug */,
				A137F9AB2CF38CC900A75DA3 /* Release */,
			);
			defaultConfigurationIsVisible = 0;
			defaultConfigurationName = Release;
		};
/* End XCConfigurationList section */
	};
	rootObject = A137F98D2CF38CC800A75DA3 /* Project object */;
}
